
Microsoft Visual Studio Solution File, Format Version 12.00
# Visual Studio 15
VisualStudioVersion = 15.0.27130.2010
MinimumVisualStudioVersion = 10.0.40219.1
Project("{9A19103F-16F7-4668-BE54-9A1E7A4F7556}") = "NC.Common", "NC.Common\NC.Common.csproj", "{CADDDA3C-146D-4A34-8F11-CA1211A5D051}"
EndProject
Project("{9A19103F-16F7-4668-BE54-9A1E7A4F7556}") = "NC.MVC", "NC.MVC\NC.MVC.csproj", "{AD333E3E-0087-4576-BFB2-D612C164F3F5}"
EndProject
Project("{9A19103F-16F7-4668-BE54-9A1E7A4F7556}") = "NC.Core", "NC.Core\NC.Core.csproj", "{219C5047-4430-449C-ADE8-8C28AA8EE5E8}"
EndProject
Project("{9A19103F-16F7-4668-BE54-9A1E7A4F7556}") = "NC.Model", "NC.Model\NC.Model.csproj", "{C6D8474B-C3D5-4DBD-A9C8-77BD30F3333E}"
EndProject
Project("{FAE04EC0-301F-11D3-BF4B-00C04F79EFBC}") = "NC.Lib", "NC.Lib\NC.Lib.csproj", "{72FFB09C-B709-43A2-B914-29AAAB61CACF}"
EndProject
Global
	GlobalSection(SolutionConfigurationPlatforms) = preSolution
		Debug|Any CPU = Debug|Any CPU
		Release|Any CPU = Release|Any CPU
	EndGlobalSection
	GlobalSection(ProjectConfigurationPlatforms) = postSolution
		{CADDDA3C-146D-4A34-8F11-CA1211A5D051}.Debug|Any CPU.ActiveCfg = Debug|Any CPU
		{CADDDA3C-146D-4A34-8F11-CA1211A5D051}.Debug|Any CPU.Build.0 = Debug|Any CPU
		{CADDDA3C-146D-4A34-8F11-CA1211A5D051}.Release|Any CPU.ActiveCfg = Release|Any CPU
		{CADDDA3C-146D-4A34-8F11-CA1211A5D051}.Release|Any CPU.Build.0 = Release|Any CPU
		{AD333E3E-0087-4576-BFB2-D612C164F3F5}.Debug|Any CPU.ActiveCfg = Debug|Any CPU
		{AD333E3E-0087-4576-BFB2-D612C164F3F5}.Debug|Any CPU.Build.0 = Debug|Any CPU
		{AD333E3E-0087-4576-BFB2-D612C164F3F5}.Release|Any CPU.ActiveCfg = Release|Any CPU
		{AD333E3E-0087-4576-BFB2-D612C164F3F5}.Release|Any CPU.Build.0 = Release|Any CPU
		{219C5047-4430-449C-ADE8-8C28AA8EE5E8}.Debug|Any CPU.ActiveCfg = Debug|Any CPU
		{219C5047-4430-449C-ADE8-8C28AA8EE5E8}.Debug|Any CPU.Build.0 = Debug|Any CPU
		{219C5047-4430-449C-ADE8-8C28AA8EE5E8}.Release|Any CPU.ActiveCfg = Release|Any CPU
		{219C5047-4430-449C-ADE8-8C28AA8EE5E8}.Release|Any CPU.Build.0 = Release|Any CPU
		{C6D8474B-C3D5-4DBD-A9C8-77BD30F3333E}.Debug|Any CPU.ActiveCfg = Debug|Any CPU
		{C6D8474B-C3D5-4DBD-A9C8-77BD30F3333E}.Debug|Any CPU.Build.0 = Debug|Any CPU
		{C6D8474B-C3D5-4DBD-A9C8-77BD30F3333E}.Release|Any CPU.ActiveCfg = Release|Any CPU
		{C6D8474B-C3D5-4DBD-A9C8-77BD30F3333E}.Release|Any CPU.Build.0 = Release|Any CPU
		{72FFB09C-B709-43A2-B914-29AAAB61CACF}.Debug|Any CPU.ActiveCfg = Debug|Any CPU
		{72FFB09C-B709-43A2-B914-29AAAB61CACF}.Debug|Any CPU.Build.0 = Debug|Any CPU
		{72FFB09C-B709-43A2-B914-29AAAB61CACF}.Release|Any CPU.ActiveCfg = Release|Any CPU
		{72FFB09C-B709-43A2-B914-29AAAB61CACF}.Release|Any CPU.Build.0 = Release|Any CPU
	EndGlobalSection
	GlobalSection(SolutionProperties) = preSolution
		HideSolutionNode = FALSE
	EndGlobalSection
	GlobalSection(ExtensibilityGlobals) = postSolution
		SolutionGuid = {70EE942C-0B06-413C-BD6D-D160240924A7}
	EndGlobalSection
EndGlobal
